
Microsoft Visual Studio Solution File, Format Version 12.00
# Visual Studio Version 16
VisualStudioVersion = 16.0.30002.166
MinimumVisualStudioVersion = 10.0.40219.1
Project("{FAE04EC0-301F-11D3-BF4B-00C04F79EFBC}") = "Ex1.9", "Ex1.9\Ex1.9.csproj", "{28E9BFB6-A53D-41FD-B9EB-DF564095710E}"
EndProject
Global
	GlobalSection(SolutionConfigurationPlatforms) = preSolution
		Debug|Any CPU = Debug|Any CPU
		Release|Any CPU = Release|Any CPU
	EndGlobalSection
	GlobalSection(ProjectConfigurationPlatforms) = postSolution
		{28E9BFB6-A53D-41FD-B9EB-DF564095710E}.Debug|Any CPU.ActiveCfg = Debug|Any CPU
		{28E9BFB6-A53D-41FD-B9EB-DF564095710E}.Debug|Any CPU.Build.0 = Debug|Any CPU
		{28E9BFB6-A53D-41FD-B9EB-DF564095710E}.Release|Any CPU.ActiveCfg = Release|Any CPU
		{28E9BFB6-A53D-41FD-B9EB-DF564095710E}.Release|Any CPU.Build.0 = Release|Any CPU
	EndGlobalSection
	GlobalSection(SolutionProperties) = preSolution
		HideSolutionNode = FALSE
	EndGlobalSection
	GlobalSection(ExtensibilityGlobals) = postSolution
		SolutionGuid = {7567E97B-7C6A-44F8-96BD-CB87CC432479}
	EndGlobalSection
EndGlobal
