
Microsoft Visual Studio Solution File, Format Version 12.00
# Visual Studio Version 16
VisualStudioVersion = 16.0.30002.166
MinimumVisualStudioVersion = 10.0.40219.1
Project("{FAE04EC0-301F-11D3-BF4B-00C04F79EFBC}") = "PascalsTriangle", "PascalsTriangle\PascalsTriangle.csproj", "{5D08B94A-D64C-4BD0-923A-AA6CC06029E2}"
EndProject
Global
	GlobalSection(SolutionConfigurationPlatforms) = preSolution
		Debug|Any CPU = Debug|Any CPU
		Release|Any CPU = Release|Any CPU
	EndGlobalSection
	GlobalSection(ProjectConfigurationPlatforms) = postSolution
		{5D08B94A-D64C-4BD0-923A-AA6CC06029E2}.Debug|Any CPU.ActiveCfg = Debug|Any CPU
		{5D08B94A-D64C-4BD0-923A-AA6CC06029E2}.Debug|Any CPU.Build.0 = Debug|Any CPU
		{5D08B94A-D64C-4BD0-923A-AA6CC06029E2}.Release|Any CPU.ActiveCfg = Release|Any CPU
		{5D08B94A-D64C-4BD0-923A-AA6CC06029E2}.Release|Any CPU.Build.0 = Release|Any CPU
	EndGlobalSection
	GlobalSection(SolutionProperties) = preSolution
		HideSolutionNode = FALSE
	EndGlobalSection
	GlobalSection(ExtensibilityGlobals) = postSolution
		SolutionGuid = {1BFEC013-015E-4742-B838-A5C6F5BCF0AE}
	EndGlobalSection
EndGlobal
