
Microsoft Visual Studio Solution File, Format Version 12.00
# Visual Studio Version 16
VisualStudioVersion = 16.0.30002.166
MinimumVisualStudioVersion = 10.0.40219.1
Project("{FAE04EC0-301F-11D3-BF4B-00C04F79EFBC}") = "Ex1.A", "Ex1.A\Ex1.A.csproj", "{F1126C9C-13C8-4F47-964A-228149477206}"
EndProject
Global
	GlobalSection(SolutionConfigurationPlatforms) = preSolution
		Debug|Any CPU = Debug|Any CPU
		Release|Any CPU = Release|Any CPU
	EndGlobalSection
	GlobalSection(ProjectConfigurationPlatforms) = postSolution
		{F1126C9C-13C8-4F47-964A-228149477206}.Debug|Any CPU.ActiveCfg = Debug|Any CPU
		{F1126C9C-13C8-4F47-964A-228149477206}.Debug|Any CPU.Build.0 = Debug|Any CPU
		{F1126C9C-13C8-4F47-964A-228149477206}.Release|Any CPU.ActiveCfg = Release|Any CPU
		{F1126C9C-13C8-4F47-964A-228149477206}.Release|Any CPU.Build.0 = Release|Any CPU
	EndGlobalSection
	GlobalSection(SolutionProperties) = preSolution
		HideSolutionNode = FALSE
	EndGlobalSection
	GlobalSection(ExtensibilityGlobals) = postSolution
		SolutionGuid = {E657C2C9-5506-4AC5-95B5-DF5039C54812}
	EndGlobalSection
EndGlobal
