
Microsoft Visual Studio Solution File, Format Version 12.00
# Visual Studio Version 16
VisualStudioVersion = 16.0.30002.166
MinimumVisualStudioVersion = 10.0.40219.1
Project("{FAE04EC0-301F-11D3-BF4B-00C04F79EFBC}") = "Ex3e.5", "Ex3e.5\Ex3e.5.csproj", "{FE0CD15E-9E68-4C67-87C1-72D8A1995BA7}"
EndProject
Global
	GlobalSection(SolutionConfigurationPlatforms) = preSolution
		Debug|Any CPU = Debug|Any CPU
		Release|Any CPU = Release|Any CPU
	EndGlobalSection
	GlobalSection(ProjectConfigurationPlatforms) = postSolution
		{FE0CD15E-9E68-4C67-87C1-72D8A1995BA7}.Debug|Any CPU.ActiveCfg = Debug|Any CPU
		{FE0CD15E-9E68-4C67-87C1-72D8A1995BA7}.Debug|Any CPU.Build.0 = Debug|Any CPU
		{FE0CD15E-9E68-4C67-87C1-72D8A1995BA7}.Release|Any CPU.ActiveCfg = Release|Any CPU
		{FE0CD15E-9E68-4C67-87C1-72D8A1995BA7}.Release|Any CPU.Build.0 = Release|Any CPU
	EndGlobalSection
	GlobalSection(SolutionProperties) = preSolution
		HideSolutionNode = FALSE
	EndGlobalSection
	GlobalSection(ExtensibilityGlobals) = postSolution
		SolutionGuid = {474424ED-6476-4DED-8A0C-EBBCB2210C82}
	EndGlobalSection
EndGlobal
