
Microsoft Visual Studio Solution File, Format Version 12.00
# Visual Studio Version 16
VisualStudioVersion = 16.0.30002.166
MinimumVisualStudioVersion = 10.0.40219.1
Project("{FAE04EC0-301F-11D3-BF4B-00C04F79EFBC}") = "Ex5.4", "Ex5.4\Ex5.4.csproj", "{08BA3686-2549-4A5C-8EE6-140182465A7C}"
EndProject
Global
	GlobalSection(SolutionConfigurationPlatforms) = preSolution
		Debug|Any CPU = Debug|Any CPU
		Release|Any CPU = Release|Any CPU
	EndGlobalSection
	GlobalSection(ProjectConfigurationPlatforms) = postSolution
		{08BA3686-2549-4A5C-8EE6-140182465A7C}.Debug|Any CPU.ActiveCfg = Debug|Any CPU
		{08BA3686-2549-4A5C-8EE6-140182465A7C}.Debug|Any CPU.Build.0 = Debug|Any CPU
		{08BA3686-2549-4A5C-8EE6-140182465A7C}.Release|Any CPU.ActiveCfg = Release|Any CPU
		{08BA3686-2549-4A5C-8EE6-140182465A7C}.Release|Any CPU.Build.0 = Release|Any CPU
	EndGlobalSection
	GlobalSection(SolutionProperties) = preSolution
		HideSolutionNode = FALSE
	EndGlobalSection
	GlobalSection(ExtensibilityGlobals) = postSolution
		SolutionGuid = {C293F988-3E3B-4303-A5C8-247EE45AFDD5}
	EndGlobalSection
EndGlobal
