
Microsoft Visual Studio Solution File, Format Version 12.00
# Visual Studio Version 16
VisualStudioVersion = 16.0.30002.166
MinimumVisualStudioVersion = 10.0.40219.1
Project("{FAE04EC0-301F-11D3-BF4B-00C04F79EFBC}") = "Ex2.4", "Ex2.4\Ex2.4.csproj", "{1375F9F9-C68E-4128-ABBF-036D709ED502}"
EndProject
Global
	GlobalSection(SolutionConfigurationPlatforms) = preSolution
		Debug|Any CPU = Debug|Any CPU
		Release|Any CPU = Release|Any CPU
	EndGlobalSection
	GlobalSection(ProjectConfigurationPlatforms) = postSolution
		{1375F9F9-C68E-4128-ABBF-036D709ED502}.Debug|Any CPU.ActiveCfg = Debug|Any CPU
		{1375F9F9-C68E-4128-ABBF-036D709ED502}.Debug|Any CPU.Build.0 = Debug|Any CPU
		{1375F9F9-C68E-4128-ABBF-036D709ED502}.Release|Any CPU.ActiveCfg = Release|Any CPU
		{1375F9F9-C68E-4128-ABBF-036D709ED502}.Release|Any CPU.Build.0 = Release|Any CPU
	EndGlobalSection
	GlobalSection(SolutionProperties) = preSolution
		HideSolutionNode = FALSE
	EndGlobalSection
	GlobalSection(ExtensibilityGlobals) = postSolution
		SolutionGuid = {E192621D-5887-4F1C-B002-F46B482BC2A0}
	EndGlobalSection
EndGlobal
