
Microsoft Visual Studio Solution File, Format Version 12.00
# Visual Studio Version 16
VisualStudioVersion = 16.0.30002.166
MinimumVisualStudioVersion = 10.0.40219.1
Project("{FAE04EC0-301F-11D3-BF4B-00C04F79EFBC}") = "Ex4.5", "Ex4.5\Ex4.5.csproj", "{D957DE0C-3BC2-4662-87A1-9C05460062B2}"
EndProject
Global
	GlobalSection(SolutionConfigurationPlatforms) = preSolution
		Debug|Any CPU = Debug|Any CPU
		Release|Any CPU = Release|Any CPU
	EndGlobalSection
	GlobalSection(ProjectConfigurationPlatforms) = postSolution
		{D957DE0C-3BC2-4662-87A1-9C05460062B2}.Debug|Any CPU.ActiveCfg = Debug|Any CPU
		{D957DE0C-3BC2-4662-87A1-9C05460062B2}.Debug|Any CPU.Build.0 = Debug|Any CPU
		{D957DE0C-3BC2-4662-87A1-9C05460062B2}.Release|Any CPU.ActiveCfg = Release|Any CPU
		{D957DE0C-3BC2-4662-87A1-9C05460062B2}.Release|Any CPU.Build.0 = Release|Any CPU
	EndGlobalSection
	GlobalSection(SolutionProperties) = preSolution
		HideSolutionNode = FALSE
	EndGlobalSection
	GlobalSection(ExtensibilityGlobals) = postSolution
		SolutionGuid = {01EFC80A-1F4E-41BE-9290-C7EE8C2A8769}
	EndGlobalSection
EndGlobal
