
Microsoft Visual Studio Solution File, Format Version 12.00
# Visual Studio Version 16
VisualStudioVersion = 16.0.30002.166
MinimumVisualStudioVersion = 10.0.40219.1
Project("{FAE04EC0-301F-11D3-BF4B-00C04F79EFBC}") = "SayAndAsk", "SayAndAsk\SayAndAsk.csproj", "{F8BDAD1C-9E62-4599-B893-2E8D6F51057B}"
EndProject
Global
	GlobalSection(SolutionConfigurationPlatforms) = preSolution
		Debug|Any CPU = Debug|Any CPU
		Release|Any CPU = Release|Any CPU
	EndGlobalSection
	GlobalSection(ProjectConfigurationPlatforms) = postSolution
		{F8BDAD1C-9E62-4599-B893-2E8D6F51057B}.Debug|Any CPU.ActiveCfg = Debug|Any CPU
		{F8BDAD1C-9E62-4599-B893-2E8D6F51057B}.Debug|Any CPU.Build.0 = Debug|Any CPU
		{F8BDAD1C-9E62-4599-B893-2E8D6F51057B}.Release|Any CPU.ActiveCfg = Release|Any CPU
		{F8BDAD1C-9E62-4599-B893-2E8D6F51057B}.Release|Any CPU.Build.0 = Release|Any CPU
	EndGlobalSection
	GlobalSection(SolutionProperties) = preSolution
		HideSolutionNode = FALSE
	EndGlobalSection
	GlobalSection(ExtensibilityGlobals) = postSolution
		SolutionGuid = {747FC345-88A6-4AFB-9FE7-302DF98C3B98}
	EndGlobalSection
EndGlobal
