
Microsoft Visual Studio Solution File, Format Version 12.00
# Visual Studio Version 16
VisualStudioVersion = 16.0.30002.166
MinimumVisualStudioVersion = 10.0.40219.1
Project("{FAE04EC0-301F-11D3-BF4B-00C04F79EFBC}") = "Ex2.3", "Ex2.3\Ex2.3.csproj", "{DC0BE62B-5B5F-44A9-B697-8A67167CD615}"
EndProject
Global
	GlobalSection(SolutionConfigurationPlatforms) = preSolution
		Debug|Any CPU = Debug|Any CPU
		Release|Any CPU = Release|Any CPU
	EndGlobalSection
	GlobalSection(ProjectConfigurationPlatforms) = postSolution
		{DC0BE62B-5B5F-44A9-B697-8A67167CD615}.Debug|Any CPU.ActiveCfg = Debug|Any CPU
		{DC0BE62B-5B5F-44A9-B697-8A67167CD615}.Debug|Any CPU.Build.0 = Debug|Any CPU
		{DC0BE62B-5B5F-44A9-B697-8A67167CD615}.Release|Any CPU.ActiveCfg = Release|Any CPU
		{DC0BE62B-5B5F-44A9-B697-8A67167CD615}.Release|Any CPU.Build.0 = Release|Any CPU
	EndGlobalSection
	GlobalSection(SolutionProperties) = preSolution
		HideSolutionNode = FALSE
	EndGlobalSection
	GlobalSection(ExtensibilityGlobals) = postSolution
		SolutionGuid = {7403BAE0-BDD4-4205-85C8-A0FD76A6E1F6}
	EndGlobalSection
EndGlobal
