
Microsoft Visual Studio Solution File, Format Version 12.00
# Visual Studio Version 16
VisualStudioVersion = 16.0.30002.166
MinimumVisualStudioVersion = 10.0.40219.1
Project("{FAE04EC0-301F-11D3-BF4B-00C04F79EFBC}") = "TwoNorm", "TwoNorm\TwoNorm.csproj", "{723C191E-FE47-497D-95BC-07F729668E29}"
EndProject
Global
	GlobalSection(SolutionConfigurationPlatforms) = preSolution
		Debug|Any CPU = Debug|Any CPU
		Release|Any CPU = Release|Any CPU
	EndGlobalSection
	GlobalSection(ProjectConfigurationPlatforms) = postSolution
		{723C191E-FE47-497D-95BC-07F729668E29}.Debug|Any CPU.ActiveCfg = Debug|Any CPU
		{723C191E-FE47-497D-95BC-07F729668E29}.Debug|Any CPU.Build.0 = Debug|Any CPU
		{723C191E-FE47-497D-95BC-07F729668E29}.Release|Any CPU.ActiveCfg = Release|Any CPU
		{723C191E-FE47-497D-95BC-07F729668E29}.Release|Any CPU.Build.0 = Release|Any CPU
	EndGlobalSection
	GlobalSection(SolutionProperties) = preSolution
		HideSolutionNode = FALSE
	EndGlobalSection
	GlobalSection(ExtensibilityGlobals) = postSolution
		SolutionGuid = {BA26F642-8EF5-41A6-9692-337803B1E71F}
	EndGlobalSection
EndGlobal
