
Microsoft Visual Studio Solution File, Format Version 12.00
# Visual Studio Version 16
VisualStudioVersion = 16.0.29926.136
MinimumVisualStudioVersion = 10.0.40219.1
Project("{FAE04EC0-301F-11D3-BF4B-00C04F79EFBC}") = "Ex1.6", "Ex1.6\Ex1.6.csproj", "{E150639F-2F72-4BE8-8FC0-563913500D60}"
EndProject
Global
	GlobalSection(SolutionConfigurationPlatforms) = preSolution
		Debug|Any CPU = Debug|Any CPU
		Release|Any CPU = Release|Any CPU
	EndGlobalSection
	GlobalSection(ProjectConfigurationPlatforms) = postSolution
		{E150639F-2F72-4BE8-8FC0-563913500D60}.Debug|Any CPU.ActiveCfg = Debug|Any CPU
		{E150639F-2F72-4BE8-8FC0-563913500D60}.Debug|Any CPU.Build.0 = Debug|Any CPU
		{E150639F-2F72-4BE8-8FC0-563913500D60}.Release|Any CPU.ActiveCfg = Release|Any CPU
		{E150639F-2F72-4BE8-8FC0-563913500D60}.Release|Any CPU.Build.0 = Release|Any CPU
	EndGlobalSection
	GlobalSection(SolutionProperties) = preSolution
		HideSolutionNode = FALSE
	EndGlobalSection
	GlobalSection(ExtensibilityGlobals) = postSolution
		SolutionGuid = {658C2D2C-1882-4627-9C37-ED084D25AD79}
	EndGlobalSection
EndGlobal
